// !$*UTF8*$!
{
	archiveVersion = 1;
	classes = {
	};
	objectVersion = 46;
	objects = {

/* Begin PBXBuildFile section */
		AF50D8021E5AFC4F002454FF /* Plant.swift in Sources */ = {isa = PBXBuildFile; fileRef = AF50D7FB1E5AFC4F002454FF /* Plant.swift */; };
		AF50D8031E5AFC4F002454FF /* PlantRepository.swift in Sources */ = {isa = PBXBuildFile; fileRef = AF50D7FC1E5AFC4F002454FF /* PlantRepository.swift */; };
		AF50D8081E5AFD28002454FF /* Localizable.strings in Resources */ = {isa = PBXBuildFile; fileRef = AF50D80A1E5AFD28002454FF /* Localizable.strings */; };
		AF7F43C31E600704001FD060 /* DictionaryExtension.swift in Sources */ = {isa = PBXBuildFile; fileRef = AF7F43C21E600704001FD060 /* DictionaryExtension.swift */; };
		AF7F43C51E602D05001FD060 /* PlantBatchRepository.swift in Sources */ = {isa = PBXBuildFile; fileRef = AF7F43C41E602D05001FD060 /* PlantBatchRepository.swift */; };
		AF7F43C71E606479001FD060 /* EventRepository.swift in Sources */ = {isa = PBXBuildFile; fileRef = AF7F43C61E606479001FD060 /* EventRepository.swift */; };
		AF7F43C91E60679D001FD060 /* BatchEventFactory.swift in Sources */ = {isa = PBXBuildFile; fileRef = AF7F43C81E60679D001FD060 /* BatchEventFactory.swift */; };
		AF7F43CB1E60795A001FD060 /* Notification.swift in Sources */ = {isa = PBXBuildFile; fileRef = AF7F43CA1E60795A001FD060 /* Notification.swift */; };
		AF843BF61E5D42AA00EEEFC7 /* PlantBatch.swift in Sources */ = {isa = PBXBuildFile; fileRef = AF843BF51E5D42AA00EEEFC7 /* PlantBatch.swift */; };
		AF843BFB1E5D4B8000EEEFC7 /* Event.swift in Sources */ = {isa = PBXBuildFile; fileRef = AF843BFA1E5D4B8000EEEFC7 /* Event.swift */; };
		AF843BFD1E5D4C7E00EEEFC7 /* BatchActivityEvent.swift in Sources */ = {isa = PBXBuildFile; fileRef = AF843BFC1E5D4C7E00EEEFC7 /* BatchActivityEvent.swift */; };
		AF843C001E5D9CCF00EEEFC7 /* DateExtensions.swift in Sources */ = {isa = PBXBuildFile; fileRef = AF843BFF1E5D9CCF00EEEFC7 /* DateExtensions.swift */; };
		AF843C031E5DC45300EEEFC7 /* FileRepository.swift in Sources */ = {isa = PBXBuildFile; fileRef = AF843C021E5DC45300EEEFC7 /* FileRepository.swift */; };
		AF8829D81E6EB0FE0089BC34 /* PlantViewController.swift in Sources */ = {isa = PBXBuildFile; fileRef = AF8829D71E6EB0FE0089BC34 /* PlantViewController.swift */; };
		AFA340D21E6D399700B51BF5 /* PlantBatchTableViewCell.swift in Sources */ = {isa = PBXBuildFile; fileRef = AFA340D11E6D399700B51BF5 /* PlantBatchTableViewCell.swift */; };
		AFA340D41E6DA0C300B51BF5 /* KDCIrcularProgress.swift in Sources */ = {isa = PBXBuildFile; fileRef = AFA340D31E6DA0C300B51BF5 /* KDCIrcularProgress.swift */; };
		AFA340D61E6DE16500B51BF5 /* PlantTableViewCell.swift in Sources */ = {isa = PBXBuildFile; fileRef = AFA340D51E6DE16500B51BF5 /* PlantTableViewCell.swift */; };
		AFB69D891E5AF67B001DDC81 /* AppDelegate.swift in Sources */ = {isa = PBXBuildFile; fileRef = AFB69D881E5AF67B001DDC81 /* AppDelegate.swift */; };
		AFB69D8B1E5AF67B001DDC81 /* FirstViewController.swift in Sources */ = {isa = PBXBuildFile; fileRef = AFB69D8A1E5AF67B001DDC81 /* FirstViewController.swift */; };
		AFB69D8D1E5AF67B001DDC81 /* PlantListController.swift in Sources */ = {isa = PBXBuildFile; fileRef = AFB69D8C1E5AF67B001DDC81 /* PlantListController.swift */; };
		AFB69D901E5AF67B001DDC81 /* Main.storyboard in Resources */ = {isa = PBXBuildFile; fileRef = AFB69D8E1E5AF67B001DDC81 /* Main.storyboard */; };
		AFB69D951E5AF67B001DDC81 /* LaunchScreen.storyboard in Resources */ = {isa = PBXBuildFile; fileRef = AFB69D931E5AF67B001DDC81 /* LaunchScreen.storyboard */; };
		AFB69DA01E5AF67B001DDC81 /* PoovaliTests.swift in Sources */ = {isa = PBXBuildFile; fileRef = AFB69D9F1E5AF67B001DDC81 /* PoovaliTests.swift */; };
		AFB69DAB1E5AF67B001DDC81 /* PoovaliUITests.swift in Sources */ = {isa = PBXBuildFile; fileRef = AFB69DAA1E5AF67B001DDC81 /* PoovaliUITests.swift */; };
		AFD247471E6530FE007B8224 /* Localizable.stringsdict in Resources */ = {isa = PBXBuildFile; fileRef = AFD247491E6530FE007B8224 /* Localizable.stringsdict */; };
		AFD247501E6592CA007B8224 /* Assets.xcassets in Resources */ = {isa = PBXBuildFile; fileRef = AFD2474F1E6592CA007B8224 /* Assets.xcassets */; };
/* End PBXBuildFile section */

/* Begin PBXContainerItemProxy section */
		AFB69D9C1E5AF67B001DDC81 /* PBXContainerItemProxy */ = {
			isa = PBXContainerItemProxy;
			containerPortal = AFB69D7D1E5AF67B001DDC81 /* Project object */;
			proxyType = 1;
			remoteGlobalIDString = AFB69D841E5AF67B001DDC81;
			remoteInfo = Poovali;
		};
		AFB69DA71E5AF67B001DDC81 /* PBXContainerItemProxy */ = {
			isa = PBXContainerItemProxy;
			containerPortal = AFB69D7D1E5AF67B001DDC81 /* Project object */;
			proxyType = 1;
			remoteGlobalIDString = AFB69D841E5AF67B001DDC81;
			remoteInfo = Poovali;
		};
/* End PBXContainerItemProxy section */

/* Begin PBXFileReference section */
		AF50D7FB1E5AFC4F002454FF /* Plant.swift */ = {isa = PBXFileReference; fileEncoding = 4; lastKnownFileType = sourcecode.swift; path = Plant.swift; sourceTree = "<group>"; };
		AF50D7FC1E5AFC4F002454FF /* PlantRepository.swift */ = {isa = PBXFileReference; fileEncoding = 4; lastKnownFileType = sourcecode.swift; path = PlantRepository.swift; sourceTree = "<group>"; };
		AF50D8091E5AFD28002454FF /* en */ = {isa = PBXFileReference; lastKnownFileType = text.plist.strings; name = en; path = en.lproj/Localizable.strings; sourceTree = "<group>"; };
		AF7F43C21E600704001FD060 /* DictionaryExtension.swift */ = {isa = PBXFileReference; fileEncoding = 4; lastKnownFileType = sourcecode.swift; path = DictionaryExtension.swift; sourceTree = "<group>"; };
		AF7F43C41E602D05001FD060 /* PlantBatchRepository.swift */ = {isa = PBXFileReference; fileEncoding = 4; lastKnownFileType = sourcecode.swift; path = PlantBatchRepository.swift; sourceTree = "<group>"; };
		AF7F43C61E606479001FD060 /* EventRepository.swift */ = {isa = PBXFileReference; fileEncoding = 4; lastKnownFileType = sourcecode.swift; path = EventRepository.swift; sourceTree = "<group>"; };
		AF7F43C81E60679D001FD060 /* BatchEventFactory.swift */ = {isa = PBXFileReference; fileEncoding = 4; lastKnownFileType = sourcecode.swift; path = BatchEventFactory.swift; sourceTree = "<group>"; };
		AF7F43CA1E60795A001FD060 /* Notification.swift */ = {isa = PBXFileReference; fileEncoding = 4; lastKnownFileType = sourcecode.swift; path = Notification.swift; sourceTree = "<group>"; };
		AF843BF51E5D42AA00EEEFC7 /* PlantBatch.swift */ = {isa = PBXFileReference; fileEncoding = 4; lastKnownFileType = sourcecode.swift; path = PlantBatch.swift; sourceTree = "<group>"; };
		AF843BFA1E5D4B8000EEEFC7 /* Event.swift */ = {isa = PBXFileReference; fileEncoding = 4; lastKnownFileType = sourcecode.swift; path = Event.swift; sourceTree = "<group>"; };
		AF843BFC1E5D4C7E00EEEFC7 /* BatchActivityEvent.swift */ = {isa = PBXFileReference; fileEncoding = 4; lastKnownFileType = sourcecode.swift; path = BatchActivityEvent.swift; sourceTree = "<group>"; };
		AF843BFF1E5D9CCF00EEEFC7 /* DateExtensions.swift */ = {isa = PBXFileReference; fileEncoding = 4; lastKnownFileType = sourcecode.swift; path = DateExtensions.swift; sourceTree = "<group>"; };
		AF843C021E5DC45300EEEFC7 /* FileRepository.swift */ = {isa = PBXFileReference; fileEncoding = 4; lastKnownFileType = sourcecode.swift; path = FileRepository.swift; sourceTree = "<group>"; };
		AF8829D71E6EB0FE0089BC34 /* PlantViewController.swift */ = {isa = PBXFileReference; fileEncoding = 4; lastKnownFileType = sourcecode.swift; path = PlantViewController.swift; sourceTree = "<group>"; };
		AFA2946D1E6689430083C297 /* en */ = {isa = PBXFileReference; lastKnownFileType = text.plist.strings; name = en; path = en.lproj/Main.strings; sourceTree = "<group>"; };
		AFA340D11E6D399700B51BF5 /* PlantBatchTableViewCell.swift */ = {isa = PBXFileReference; fileEncoding = 4; lastKnownFileType = sourcecode.swift; path = PlantBatchTableViewCell.swift; sourceTree = "<group>"; };
		AFA340D31E6DA0C300B51BF5 /* KDCIrcularProgress.swift */ = {isa = PBXFileReference; fileEncoding = 4; lastKnownFileType = sourcecode.swift; name = KDCIrcularProgress.swift; path = ../KDCIrcularProgress.swift; sourceTree = "<group>"; };
		AFA340D51E6DE16500B51BF5 /* PlantTableViewCell.swift */ = {isa = PBXFileReference; fileEncoding = 4; lastKnownFileType = sourcecode.swift; path = PlantTableViewCell.swift; sourceTree = "<group>"; };
		AFB69D851E5AF67B001DDC81 /* Poovali.app */ = {isa = PBXFileReference; explicitFileType = wrapper.application; includeInIndex = 0; path = Poovali.app; sourceTree = BUILT_PRODUCTS_DIR; };
		AFB69D881E5AF67B001DDC81 /* AppDelegate.swift */ = {isa = PBXFileReference; lastKnownFileType = sourcecode.swift; path = AppDelegate.swift; sourceTree = "<group>"; };
		AFB69D8A1E5AF67B001DDC81 /* FirstViewController.swift */ = {isa = PBXFileReference; lastKnownFileType = sourcecode.swift; path = FirstViewController.swift; sourceTree = "<group>"; };
		AFB69D8C1E5AF67B001DDC81 /* PlantListController.swift */ = {isa = PBXFileReference; lastKnownFileType = sourcecode.swift; path = PlantListController.swift; sourceTree = "<group>"; };
		AFB69D8F1E5AF67B001DDC81 /* Base */ = {isa = PBXFileReference; lastKnownFileType = file.storyboard; name = Base; path = Base.lproj/Main.storyboard; sourceTree = "<group>"; };
		AFB69D941E5AF67B001DDC81 /* Base */ = {isa = PBXFileReference; lastKnownFileType = file.storyboard; name = Base; path = Base.lproj/LaunchScreen.storyboard; sourceTree = "<group>"; };
		AFB69D961E5AF67B001DDC81 /* Info.plist */ = {isa = PBXFileReference; lastKnownFileType = text.plist.xml; path = Info.plist; sourceTree = "<group>"; };
		AFB69D9B1E5AF67B001DDC81 /* PoovaliTests.xctest */ = {isa = PBXFileReference; explicitFileType = wrapper.cfbundle; includeInIndex = 0; path = PoovaliTests.xctest; sourceTree = BUILT_PRODUCTS_DIR; };
		AFB69D9F1E5AF67B001DDC81 /* PoovaliTests.swift */ = {isa = PBXFileReference; lastKnownFileType = sourcecode.swift; path = PoovaliTests.swift; sourceTree = "<group>"; };
		AFB69DA11E5AF67B001DDC81 /* Info.plist */ = {isa = PBXFileReference; lastKnownFileType = text.plist.xml; path = Info.plist; sourceTree = "<group>"; };
		AFB69DA61E5AF67B001DDC81 /* PoovaliUITests.xctest */ = {isa = PBXFileReference; explicitFileType = wrapper.cfbundle; includeInIndex = 0; path = PoovaliUITests.xctest; sourceTree = BUILT_PRODUCTS_DIR; };
		AFB69DAA1E5AF67B001DDC81 /* PoovaliUITests.swift */ = {isa = PBXFileReference; lastKnownFileType = sourcecode.swift; path = PoovaliUITests.swift; sourceTree = "<group>"; };
		AFB69DAC1E5AF67B001DDC81 /* Info.plist */ = {isa = PBXFileReference; lastKnownFileType = text.plist.xml; path = Info.plist; sourceTree = "<group>"; };
		AFD247481E6530FE007B8224 /* en */ = {isa = PBXFileReference; lastKnownFileType = text.plist.stringsdict; name = en; path = en.lproj/Localizable.stringsdict; sourceTree = "<group>"; };
		AFD2474F1E6592CA007B8224 /* Assets.xcassets */ = {isa = PBXFileReference; lastKnownFileType = folder.assetcatalog; path = Assets.xcassets; sourceTree = "<group>"; };
/* End PBXFileReference section */

/* Begin PBXFrameworksBuildPhase section */
		AFB69D821E5AF67B001DDC81 /* Frameworks */ = {
			isa = PBXFrameworksBuildPhase;
			buildActionMask = 2147483647;
			files = (
			);
			runOnlyForDeploymentPostprocessing = 0;
		};
		AFB69D981E5AF67B001DDC81 /* Frameworks */ = {
			isa = PBXFrameworksBuildPhase;
			buildActionMask = 2147483647;
			files = (
			);
			runOnlyForDeploymentPostprocessing = 0;
		};
		AFB69DA31E5AF67B001DDC81 /* Frameworks */ = {
			isa = PBXFrameworksBuildPhase;
			buildActionMask = 2147483647;
			files = (
			);
			runOnlyForDeploymentPostprocessing = 0;
		};
/* End PBXFrameworksBuildPhase section */

/* Begin PBXGroup section */
		AF7F43CC1E6080AF001FD060 /* infrastructure */ = {
			isa = PBXGroup;
			children = (
				AF7F43CD1E6080BA001FD060 /* persistence */,
			);
			name = infrastructure;
			sourceTree = "<group>";
		};
		AF7F43CD1E6080BA001FD060 /* persistence */ = {
			isa = PBXGroup;
			children = (
				AF843C021E5DC45300EEEFC7 /* FileRepository.swift */,
			);
			name = persistence;
			sourceTree = "<group>";
		};
		AF843BF31E5C92C200EEEFC7 /* model */ = {
			isa = PBXGroup;
			children = (
				AF843BF81E5D4B6100EEEFC7 /* Event */,
				AF843BF71E5D4B5300EEEFC7 /* Plant */,
				AF7F43CA1E60795A001FD060 /* Notification.swift */,
			);
			name = model;
			sourceTree = "<group>";
		};
		AF843BF71E5D4B5300EEEFC7 /* Plant */ = {
			isa = PBXGroup;
			children = (
				AF50D7FB1E5AFC4F002454FF /* Plant.swift */,
				AF50D7FC1E5AFC4F002454FF /* PlantRepository.swift */,
				AF843BF51E5D42AA00EEEFC7 /* PlantBatch.swift */,
				AF7F43C41E602D05001FD060 /* PlantBatchRepository.swift */,
			);
			name = Plant;
			sourceTree = "<group>";
		};
		AF843BF81E5D4B6100EEEFC7 /* Event */ = {
			isa = PBXGroup;
			children = (
				AF843BFA1E5D4B8000EEEFC7 /* Event.swift */,
				AF843BFC1E5D4C7E00EEEFC7 /* BatchActivityEvent.swift */,
				AF7F43C61E606479001FD060 /* EventRepository.swift */,
				AF7F43C81E60679D001FD060 /* BatchEventFactory.swift */,
			);
			name = Event;
			sourceTree = "<group>";
		};
		AF843BFE1E5D565300EEEFC7 /* utility */ = {
			isa = PBXGroup;
			children = (
				AF843BFF1E5D9CCF00EEEFC7 /* DateExtensions.swift */,
				AFA340D31E6DA0C300B51BF5 /* KDCIrcularProgress.swift */,
				AF7F43C21E600704001FD060 /* DictionaryExtension.swift */,
			);
			name = utility;
			sourceTree = "<group>";
		};
		AFB69D7C1E5AF67B001DDC81 = {
			isa = PBXGroup;
			children = (
				AFB69D871E5AF67B001DDC81 /* Poovali */,
				AFB69D9E1E5AF67B001DDC81 /* PoovaliTests */,
				AFB69DA91E5AF67B001DDC81 /* PoovaliUITests */,
				AFB69D861E5AF67B001DDC81 /* Products */,
			);
			sourceTree = "<group>";
		};
		AFB69D861E5AF67B001DDC81 /* Products */ = {
			isa = PBXGroup;
			children = (
				AFB69D851E5AF67B001DDC81 /* Poovali.app */,
				AFB69D9B1E5AF67B001DDC81 /* PoovaliTests.xctest */,
				AFB69DA61E5AF67B001DDC81 /* PoovaliUITests.xctest */,
			);
			name = Products;
			sourceTree = "<group>";
		};
		AFB69D871E5AF67B001DDC81 /* Poovali */ = {
			isa = PBXGroup;
			children = (
				AFD2474F1E6592CA007B8224 /* Assets.xcassets */,
				AF7F43CC1E6080AF001FD060 /* infrastructure */,
				AF843BFE1E5D565300EEEFC7 /* utility */,
				AF843BF31E5C92C200EEEFC7 /* model */,
				AFB69D881E5AF67B001DDC81 /* AppDelegate.swift */,
				AFB69D8A1E5AF67B001DDC81 /* FirstViewController.swift */,
				AF8829D71E6EB0FE0089BC34 /* PlantViewController.swift */,
				AFB69D8C1E5AF67B001DDC81 /* PlantListController.swift */,
				AFB69D8E1E5AF67B001DDC81 /* Main.storyboard */,
				AFA340D51E6DE16500B51BF5 /* PlantTableViewCell.swift */,
				AFA340D11E6D399700B51BF5 /* PlantBatchTableViewCell.swift */,
				AFB69D931E5AF67B001DDC81 /* LaunchScreen.storyboard */,
				AFB69D961E5AF67B001DDC81 /* Info.plist */,
				AF50D80A1E5AFD28002454FF /* Localizable.strings */,
				AFD247491E6530FE007B8224 /* Localizable.stringsdict */,
			);
			path = Poovali;
			sourceTree = "<group>";
		};
		AFB69D9E1E5AF67B001DDC81 /* PoovaliTests */ = {
			isa = PBXGroup;
			children = (
				AFB69D9F1E5AF67B001DDC81 /* PoovaliTests.swift */,
				AFB69DA11E5AF67B001DDC81 /* Info.plist */,
			);
			path = PoovaliTests;
			sourceTree = "<group>";
		};
		AFB69DA91E5AF67B001DDC81 /* PoovaliUITests */ = {
			isa = PBXGroup;
			children = (
				AFB69DAA1E5AF67B001DDC81 /* PoovaliUITests.swift */,
				AFB69DAC1E5AF67B001DDC81 /* Info.plist */,
			);
			path = PoovaliUITests;
			sourceTree = "<group>";
		};
/* End PBXGroup section */

/* Begin PBXNativeTarget section */
		AFB69D841E5AF67B001DDC81 /* Poovali */ = {
			isa = PBXNativeTarget;
			buildConfigurationList = AFB69DAF1E5AF67B001DDC81 /* Build configuration list for PBXNativeTarget "Poovali" */;
			buildPhases = (
				AFB69D811E5AF67B001DDC81 /* Sources */,
				AFB69D821E5AF67B001DDC81 /* Frameworks */,
				AFB69D831E5AF67B001DDC81 /* Resources */,
			);
			buildRules = (
			);
			dependencies = (
			);
			name = Poovali;
			productName = Poovali;
			productReference = AFB69D851E5AF67B001DDC81 /* Poovali.app */;
			productType = "com.apple.product-type.application";
		};
		AFB69D9A1E5AF67B001DDC81 /* PoovaliTests */ = {
			isa = PBXNativeTarget;
			buildConfigurationList = AFB69DB21E5AF67B001DDC81 /* Build configuration list for PBXNativeTarget "PoovaliTests" */;
			buildPhases = (
				AFB69D971E5AF67B001DDC81 /* Sources */,
				AFB69D981E5AF67B001DDC81 /* Frameworks */,
				AFB69D991E5AF67B001DDC81 /* Resources */,
			);
			buildRules = (
			);
			dependencies = (
				AFB69D9D1E5AF67B001DDC81 /* PBXTargetDependency */,
			);
			name = PoovaliTests;
			productName = PoovaliTests;
			productReference = AFB69D9B1E5AF67B001DDC81 /* PoovaliTests.xctest */;
			productType = "com.apple.product-type.bundle.unit-test";
		};
		AFB69DA51E5AF67B001DDC81 /* PoovaliUITests */ = {
			isa = PBXNativeTarget;
			buildConfigurationList = AFB69DB51E5AF67B001DDC81 /* Build configuration list for PBXNativeTarget "PoovaliUITests" */;
			buildPhases = (
				AFB69DA21E5AF67B001DDC81 /* Sources */,
				AFB69DA31E5AF67B001DDC81 /* Frameworks */,
				AFB69DA41E5AF67B001DDC81 /* Resources */,
			);
			buildRules = (
			);
			dependencies = (
				AFB69DA81E5AF67B001DDC81 /* PBXTargetDependency */,
			);
			name = PoovaliUITests;
			productName = PoovaliUITests;
			productReference = AFB69DA61E5AF67B001DDC81 /* PoovaliUITests.xctest */;
			productType = "com.apple.product-type.bundle.ui-testing";
		};
/* End PBXNativeTarget section */

/* Begin PBXProject section */
		AFB69D7D1E5AF67B001DDC81 /* Project object */ = {
			isa = PBXProject;
			attributes = {
				LastSwiftUpdateCheck = 0820;
				LastUpgradeCheck = 0820;
				ORGANIZATIONNAME = "Joseph Muthu";
				TargetAttributes = {
					AFB69D841E5AF67B001DDC81 = {
						CreatedOnToolsVersion = 8.2.1;
						ProvisioningStyle = Automatic;
					};
					AFB69D9A1E5AF67B001DDC81 = {
						CreatedOnToolsVersion = 8.2.1;
						ProvisioningStyle = Automatic;
						TestTargetID = AFB69D841E5AF67B001DDC81;
					};
					AFB69DA51E5AF67B001DDC81 = {
						CreatedOnToolsVersion = 8.2.1;
						ProvisioningStyle = Automatic;
						TestTargetID = AFB69D841E5AF67B001DDC81;
					};
				};
			};
			buildConfigurationList = AFB69D801E5AF67B001DDC81 /* Build configuration list for PBXProject "Poovali" */;
			compatibilityVersion = "Xcode 3.2";
			developmentRegion = English;
			hasScannedForEncodings = 0;
			knownRegions = (
				en,
				Base,
			);
			mainGroup = AFB69D7C1E5AF67B001DDC81;
			productRefGroup = AFB69D861E5AF67B001DDC81 /* Products */;
			projectDirPath = "";
			projectRoot = "";
			targets = (
				AFB69D841E5AF67B001DDC81 /* Poovali */,
				AFB69D9A1E5AF67B001DDC81 /* PoovaliTests */,
				AFB69DA51E5AF67B001DDC81 /* PoovaliUITests */,
			);
		};
/* End PBXProject section */

/* Begin PBXResourcesBuildPhase section */
		AFB69D831E5AF67B001DDC81 /* Resources */ = {
			isa = PBXResourcesBuildPhase;
			buildActionMask = 2147483647;
			files = (
				AFB69D951E5AF67B001DDC81 /* LaunchScreen.storyboard in Resources */,
				AF50D8081E5AFD28002454FF /* Localizable.strings in Resources */,
				AFB69D901E5AF67B001DDC81 /* Main.storyboard in Resources */,
				AFD247471E6530FE007B8224 /* Localizable.stringsdict in Resources */,
				AFD247501E6592CA007B8224 /* Assets.xcassets in Resources */,
			);
			runOnlyForDeploymentPostprocessing = 0;
		};
		AFB69D991E5AF67B001DDC81 /* Resources */ = {
			isa = PBXResourcesBuildPhase;
			buildActionMask = 2147483647;
			files = (
			);
			runOnlyForDeploymentPostprocessing = 0;
		};
		AFB69DA41E5AF67B001DDC81 /* Resources */ = {
			isa = PBXResourcesBuildPhase;
			buildActionMask = 2147483647;
			files = (
			);
			runOnlyForDeploymentPostprocessing = 0;
		};
/* End PBXResourcesBuildPhase section */

/* Begin PBXSourcesBuildPhase section */
		AFB69D811E5AF67B001DDC81 /* Sources */ = {
			isa = PBXSourcesBuildPhase;
			buildActionMask = 2147483647;
			files = (
				AF7F43C91E60679D001FD060 /* BatchEventFactory.swift in Sources */,
				AFB69D8D1E5AF67B001DDC81 /* PlantListController.swift in Sources */,
				AF50D8031E5AFC4F002454FF /* PlantRepository.swift in Sources */,
				AF7F43C51E602D05001FD060 /* PlantBatchRepository.swift in Sources */,
				AF843BF61E5D42AA00EEEFC7 /* PlantBatch.swift in Sources */,
				AF50D8021E5AFC4F002454FF /* Plant.swift in Sources */,
				AF7F43C71E606479001FD060 /* EventRepository.swift in Sources */,
				AF843BFD1E5D4C7E00EEEFC7 /* BatchActivityEvent.swift in Sources */,
				AF7F43C31E600704001FD060 /* DictionaryExtension.swift in Sources */,
				AF843C001E5D9CCF00EEEFC7 /* DateExtensions.swift in Sources */,
				AFB69D891E5AF67B001DDC81 /* AppDelegate.swift in Sources */,
				AFA340D41E6DA0C300B51BF5 /* KDCIrcularProgress.swift in Sources */,
				AF7F43CB1E60795A001FD060 /* Notification.swift in Sources */,
				AF8829D81E6EB0FE0089BC34 /* PlantViewController.swift in Sources */,
				AFA340D61E6DE16500B51BF5 /* PlantTableViewCell.swift in Sources */,
				AFA340D21E6D399700B51BF5 /* PlantBatchTableViewCell.swift in Sources */,
				AF843BFB1E5D4B8000EEEFC7 /* Event.swift in Sources */,
				AFB69D8B1E5AF67B001DDC81 /* FirstViewController.swift in Sources */,
				AF843C031E5DC45300EEEFC7 /* FileRepository.swift in Sources */,
			);
			runOnlyForDeploymentPostprocessing = 0;
		};
		AFB69D971E5AF67B001DDC81 /* Sources */ = {
			isa = PBXSourcesBuildPhase;
			buildActionMask = 2147483647;
			files = (
				AFB69DA01E5AF67B001DDC81 /* PoovaliTests.swift in Sources */,
			);
			runOnlyForDeploymentPostprocessing = 0;
		};
		AFB69DA21E5AF67B001DDC81 /* Sources */ = {
			isa = PBXSourcesBuildPhase;
			buildActionMask = 2147483647;
			files = (
				AFB69DAB1E5AF67B001DDC81 /* PoovaliUITests.swift in Sources */,
			);
			runOnlyForDeploymentPostprocessing = 0;
		};
/* End PBXSourcesBuildPhase section */

/* Begin PBXTargetDependency section */
		AFB69D9D1E5AF67B001DDC81 /* PBXTargetDependency */ = {
			isa = PBXTargetDependency;
			target = AFB69D841E5AF67B001DDC81 /* Poovali */;
			targetProxy = AFB69D9C1E5AF67B001DDC81 /* PBXContainerItemProxy */;
		};
		AFB69DA81E5AF67B001DDC81 /* PBXTargetDependency */ = {
			isa = PBXTargetDependency;
			target = AFB69D841E5AF67B001DDC81 /* Poovali */;
			targetProxy = AFB69DA71E5AF67B001DDC81 /* PBXContainerItemProxy */;
		};
/* End PBXTargetDependency section */

/* Begin PBXVariantGroup section */
		AF50D80A1E5AFD28002454FF /* Localizable.strings */ = {
			isa = PBXVariantGroup;
			children = (
				AF50D8091E5AFD28002454FF /* en */,
			);
			name = Localizable.strings;
			sourceTree = "<group>";
		};
		AFB69D8E1E5AF67B001DDC81 /* Main.storyboard */ = {
			isa = PBXVariantGroup;
			children = (
				AFB69D8F1E5AF67B001DDC81 /* Base */,
				AFA2946D1E6689430083C297 /* en */,
			);
			name = Main.storyboard;
			sourceTree = "<group>";
		};
		AFB69D931E5AF67B001DDC81 /* LaunchScreen.storyboard */ = {
			isa = PBXVariantGroup;
			children = (
				AFB69D941E5AF67B001DDC81 /* Base */,
			);
			name = LaunchScreen.storyboard;
			sourceTree = "<group>";
		};
		AFD247491E6530FE007B8224 /* Localizable.stringsdict */ = {
			isa = PBXVariantGroup;
			children = (
				AFD247481E6530FE007B8224 /* en */,
			);
			name = Localizable.stringsdict;
			sourceTree = "<group>";
		};
/* End PBXVariantGroup section */

/* Begin XCBuildConfiguration section */
		AFB69DAD1E5AF67B001DDC81 /* Debug */ = {
			isa = XCBuildConfiguration;
			buildSettings = {
				ALWAYS_SEARCH_USER_PATHS = NO;
				CLANG_ANALYZER_NONNULL = YES;
				CLANG_CXX_LANGUAGE_STANDARD = "gnu++0x";
				CLANG_CXX_LIBRARY = "libc++";
				CLANG_ENABLE_MODULES = YES;
				CLANG_ENABLE_OBJC_ARC = YES;
				CLANG_WARN_BOOL_CONVERSION = YES;
				CLANG_WARN_CONSTANT_CONVERSION = YES;
				CLANG_WARN_DIRECT_OBJC_ISA_USAGE = YES_ERROR;
				CLANG_WARN_DOCUMENTATION_COMMENTS = YES;
				CLANG_WARN_EMPTY_BODY = YES;
				CLANG_WARN_ENUM_CONVERSION = YES;
				CLANG_WARN_INFINITE_RECURSION = YES;
				CLANG_WARN_INT_CONVERSION = YES;
				CLANG_WARN_OBJC_ROOT_CLASS = YES_ERROR;
				CLANG_WARN_SUSPICIOUS_MOVE = YES;
				CLANG_WARN_UNREACHABLE_CODE = YES;
				CLANG_WARN__DUPLICATE_METHOD_MATCH = YES;
				"CODE_SIGN_IDENTITY[sdk=iphoneos*]" = "iPhone Developer";
				COPY_PHASE_STRIP = NO;
				DEBUG_INFORMATION_FORMAT = dwarf;
				ENABLE_STRICT_OBJC_MSGSEND = YES;
				ENABLE_TESTABILITY = YES;
				GCC_C_LANGUAGE_STANDARD = gnu99;
				GCC_DYNAMIC_NO_PIC = NO;
				GCC_NO_COMMON_BLOCKS = YES;
				GCC_OPTIMIZATION_LEVEL = 0;
				GCC_PREPROCESSOR_DEFINITIONS = (
					"DEBUG=1",
					"$(inherited)",
				);
				GCC_WARN_64_TO_32_BIT_CONVERSION = YES;
				GCC_WARN_ABOUT_RETURN_TYPE = YES_ERROR;
				GCC_WARN_UNDECLARED_SELECTOR = YES;
				GCC_WARN_UNINITIALIZED_AUTOS = YES_AGGRESSIVE;
				GCC_WARN_UNUSED_FUNCTION = YES;
				GCC_WARN_UNUSED_VARIABLE = YES;
				IPHONEOS_DEPLOYMENT_TARGET = 10.2;
				MTL_ENABLE_DEBUG_INFO = YES;
				ONLY_ACTIVE_ARCH = YES;
				SDKROOT = iphoneos;
				SWIFT_ACTIVE_COMPILATION_CONDITIONS = DEBUG;
				SWIFT_OPTIMIZATION_LEVEL = "-Onone";
				TARGETED_DEVICE_FAMILY = "1,2";
			};
			name = Debug;
		};
		AFB69DAE1E5AF67B001DDC81 /* Release */ = {
			isa = XCBuildConfiguration;
			buildSettings = {
				ALWAYS_SEARCH_USER_PATHS = NO;
				CLANG_ANALYZER_NONNULL = YES;
				CLANG_CXX_LANGUAGE_STANDARD = "gnu++0x";
				CLANG_CXX_LIBRARY = "libc++";
				CLANG_ENABLE_MODULES = YES;
				CLANG_ENABLE_OBJC_ARC = YES;
				CLANG_WARN_BOOL_CONVERSION = YES;
				CLANG_WARN_CONSTANT_CONVERSION = YES;
				CLANG_WARN_DIRECT_OBJC_ISA_USAGE = YES_ERROR;
				CLANG_WARN_DOCUMENTATION_COMMENTS = YES;
				CLANG_WARN_EMPTY_BODY = YES;
				CLANG_WARN_ENUM_CONVERSION = YES;
				CLANG_WARN_INFINITE_RECURSION = YES;
				CLANG_WARN_INT_CONVERSION = YES;
				CLANG_WARN_OBJC_ROOT_CLASS = YES_ERROR;
				CLANG_WARN_SUSPICIOUS_MOVE = YES;
				CLANG_WARN_UNREACHABLE_CODE = YES;
				CLANG_WARN__DUPLICATE_METHOD_MATCH = YES;
				"CODE_SIGN_IDENTITY[sdk=iphoneos*]" = "iPhone Developer";
				COPY_PHASE_STRIP = NO;
				DEBUG_INFORMATION_FORMAT = "dwarf-with-dsym";
				ENABLE_NS_ASSERTIONS = NO;
				ENABLE_STRICT_OBJC_MSGSEND = YES;
				GCC_C_LANGUAGE_STANDARD = gnu99;
				GCC_NO_COMMON_BLOCKS = YES;
				GCC_WARN_64_TO_32_BIT_CONVERSION = YES;
				GCC_WARN_ABOUT_RETURN_TYPE = YES_ERROR;
				GCC_WARN_UNDECLARED_SELECTOR = YES;
				GCC_WARN_UNINITIALIZED_AUTOS = YES_AGGRESSIVE;
				GCC_WARN_UNUSED_FUNCTION = YES;
				GCC_WARN_UNUSED_VARIABLE = YES;
				IPHONEOS_DEPLOYMENT_TARGET = 10.2;
				MTL_ENABLE_DEBUG_INFO = NO;
				SDKROOT = iphoneos;
				SWIFT_OPTIMIZATION_LEVEL = "-Owholemodule";
				TARGETED_DEVICE_FAMILY = "1,2";
				VALIDATE_PRODUCT = YES;
			};
			name = Release;
		};
		AFB69DB01E5AF67B001DDC81 /* Debug */ = {
			isa = XCBuildConfiguration;
			buildSettings = {
				ASSETCATALOG_COMPILER_APPICON_NAME = AppIcon;
				INFOPLIST_FILE = Poovali/Info.plist;
				LD_RUNPATH_SEARCH_PATHS = "$(inherited) @executable_path/Frameworks";
				PRODUCT_BUNDLE_IDENTIFIER = com.github.Poovali;
				PRODUCT_NAME = "$(TARGET_NAME)";
				SWIFT_VERSION = 3.0;
			};
			name = Debug;
		};
		AFB69DB11E5AF67B001DDC81 /* Release */ = {
			isa = XCBuildConfiguration;
			buildSettings = {
				ASSETCATALOG_COMPILER_APPICON_NAME = AppIcon;
				INFOPLIST_FILE = Poovali/Info.plist;
				LD_RUNPATH_SEARCH_PATHS = "$(inherited) @executable_path/Frameworks";
				PRODUCT_BUNDLE_IDENTIFIER = com.github.Poovali;
				PRODUCT_NAME = "$(TARGET_NAME)";
				SWIFT_VERSION = 3.0;
			};
			name = Release;
		};
		AFB69DB31E5AF67B001DDC81 /* Debug */ = {
			isa = XCBuildConfiguration;
			buildSettings = {
				ALWAYS_EMBED_SWIFT_STANDARD_LIBRARIES = YES;
				BUNDLE_LOADER = "$(TEST_HOST)";
				INFOPLIST_FILE = PoovaliTests/Info.plist;
				LD_RUNPATH_SEARCH_PATHS = "$(inherited) @executable_path/Frameworks @loader_path/Frameworks";
				PRODUCT_BUNDLE_IDENTIFIER = com.github.PoovaliTests;
				PRODUCT_NAME = "$(TARGET_NAME)";
				SWIFT_VERSION = 3.0;
				TEST_HOST = "$(BUILT_PRODUCTS_DIR)/Poovali.app/Poovali";
			};
			name = Debug;
		};
		AFB69DB41E5AF67B001DDC81 /* Release */ = {
			isa = XCBuildConfiguration;
			buildSettings = {
				ALWAYS_EMBED_SWIFT_STANDARD_LIBRARIES = YES;
				BUNDLE_LOADER = "$(TEST_HOST)";
				INFOPLIST_FILE = PoovaliTests/Info.plist;
				LD_RUNPATH_SEARCH_PATHS = "$(inherited) @executable_path/Frameworks @loader_path/Frameworks";
				PRODUCT_BUNDLE_IDENTIFIER = com.github.PoovaliTests;
				PRODUCT_NAME = "$(TARGET_NAME)";
				SWIFT_VERSION = 3.0;
				TEST_HOST = "$(BUILT_PRODUCTS_DIR)/Poovali.app/Poovali";
			};
			name = Release;
		};
		AFB69DB61E5AF67B001DDC81 /* Debug */ = {
			isa = XCBuildConfiguration;
			buildSettings = {
				ALWAYS_EMBED_SWIFT_STANDARD_LIBRARIES = YES;
				INFOPLIST_FILE = PoovaliUITests/Info.plist;
				LD_RUNPATH_SEARCH_PATHS = "$(inherited) @executable_path/Frameworks @loader_path/Frameworks";
				PRODUCT_BUNDLE_IDENTIFIER = com.github.PoovaliUITests;
				PRODUCT_NAME = "$(TARGET_NAME)";
				SWIFT_VERSION = 3.0;
				TEST_TARGET_NAME = Poovali;
			};
			name = Debug;
		};
		AFB69DB71E5AF67B001DDC81 /* Release */ = {
			isa = XCBuildConfiguration;
			buildSettings = {
				ALWAYS_EMBED_SWIFT_STANDARD_LIBRARIES = YES;
				INFOPLIST_FILE = PoovaliUITests/Info.plist;
				LD_RUNPATH_SEARCH_PATHS = "$(inherited) @executable_path/Frameworks @loader_path/Frameworks";
				PRODUCT_BUNDLE_IDENTIFIER = com.github.PoovaliUITests;
				PRODUCT_NAME = "$(TARGET_NAME)";
				SWIFT_VERSION = 3.0;
				TEST_TARGET_NAME = Poovali;
			};
			name = Release;
		};
/* End XCBuildConfiguration section */

/* Begin XCConfigurationList section */
		AFB69D801E5AF67B001DDC81 /* Build configuration list for PBXProject "Poovali" */ = {
			isa = XCConfigurationList;
			buildConfigurations = (
				AFB69DAD1E5AF67B001DDC81 /* Debug */,
				AFB69DAE1E5AF67B001DDC81 /* Release */,
			);
			defaultConfigurationIsVisible = 0;
			defaultConfigurationName = Release;
		};
		AFB69DAF1E5AF67B001DDC81 /* Build configuration list for PBXNativeTarget "Poovali" */ = {
			isa = XCConfigurationList;
			buildConfigurations = (
				AFB69DB01E5AF67B001DDC81 /* Debug */,
				AFB69DB11E5AF67B001DDC81 /* Release */,
			);
			defaultConfigurationIsVisible = 0;
			defaultConfigurationName = Release;
		};
		AFB69DB21E5AF67B001DDC81 /* Build configuration list for PBXNativeTarget "PoovaliTests" */ = {
			isa = XCConfigurationList;
			buildConfigurations = (
				AFB69DB31E5AF67B001DDC81 /* Debug */,
				AFB69DB41E5AF67B001DDC81 /* Release */,
			);
			defaultConfigurationIsVisible = 0;
			defaultConfigurationName = Release;
		};
		AFB69DB51E5AF67B001DDC81 /* Build configuration list for PBXNativeTarget "PoovaliUITests" */ = {
			isa = XCConfigurationList;
			buildConfigurations = (
				AFB69DB61E5AF67B001DDC81 /* Debug */,
				AFB69DB71E5AF67B001DDC81 /* Release */,
			);
			defaultConfigurationIsVisible = 0;
			defaultConfigurationName = Release;
		};
/* End XCConfigurationList section */
	};
	rootObject = AFB69D7D1E5AF67B001DDC81 /* Project object */;
}
